// !$*UTF8*$!
{
	archiveVersion = 1;
	classes = {
	};
	objectVersion = 50;
	objects = {

/* Begin PBXBuildFile section */
		D5B7B0E020C64C360034778E /* AppDelegate.swift in Sources */ = {isa = PBXBuildFile; fileRef = D5B7B0DF20C64C360034778E /* AppDelegate.swift */; };
		D5B7B0E220C64C360034778E /* ViewController.swift in Sources */ = {isa = PBXBuildFile; fileRef = D5B7B0E120C64C360034778E /* ViewController.swift */; };
		D5B7B0E520C64C360034778E /* Main.storyboard in Resources */ = {isa = PBXBuildFile; fileRef = D5B7B0E320C64C360034778E /* Main.storyboard */; };
		D5B7B0E720C64C380034778E /* Assets.xcassets in Resources */ = {isa = PBXBuildFile; fileRef = D5B7B0E620C64C380034778E /* Assets.xcassets */; };
		D5B7B0EA20C64C380034778E /* LaunchScreen.storyboard in Resources */ = {isa = PBXBuildFile; fileRef = D5B7B0E820C64C380034778E /* LaunchScreen.storyboard */; };
		D5B7B0F520C64C380034778E /* paneltestTests.swift in Sources */ = {isa = PBXBuildFile; fileRef = D5B7B0F420C64C380034778E /* paneltestTests.swift */; };
		D5B7B10020C64C380034778E /* paneltestUITests.swift in Sources */ = {isa = PBXBuildFile; fileRef = D5B7B0FF20C64C380034778E /* paneltestUITests.swift */; };
/* End PBXBuildFile section */

/* Begin PBXContainerItemProxy section */
		D5B7B0F120C64C380034778E /* PBXContainerItemProxy */ = {
			isa = PBXContainerItemProxy;
			containerPortal = D5B7B0D420C64C360034778E /* Project object */;
			proxyType = 1;
			remoteGlobalIDString = D5B7B0DB20C64C360034778E;
			remoteInfo = paneltest;
		};
		D5B7B0FC20C64C380034778E /* PBXContainerItemProxy */ = {
			isa = PBXContainerItemProxy;
			containerPortal = D5B7B0D420C64C360034778E /* Project object */;
			proxyType = 1;
			remoteGlobalIDString = D5B7B0DB20C64C360034778E;
			remoteInfo = paneltest;
		};
/* End PBXContainerItemProxy section */

/* Begin PBXFileReference section */
		D5B7B0DC20C64C360034778E /* paneltest.app */ = {isa = PBXFileReference; explicitFileType = wrapper.application; includeInIndex = 0; path = paneltest.app; sourceTree = BUILT_PRODUCTS_DIR; };
		D5B7B0DF20C64C360034778E /* AppDelegate.swift */ = {isa = PBXFileReference; lastKnownFileType = sourcecode.swift; path = AppDelegate.swift; sourceTree = "<group>"; };
		D5B7B0E120C64C360034778E /* ViewController.swift */ = {isa = PBXFileReference; lastKnownFileType = sourcecode.swift; path = ViewController.swift; sourceTree = "<group>"; };
		D5B7B0E420C64C360034778E /* Base */ = {isa = PBXFileReference; lastKnownFileType = file.storyboard; name = Base; path = Base.lproj/Main.storyboard; sourceTree = "<group>"; };
		D5B7B0E620C64C380034778E /* Assets.xcassets */ = {isa = PBXFileReference; lastKnownFileType = folder.assetcatalog; path = Assets.xcassets; sourceTree = "<group>"; };
		D5B7B0E920C64C380034778E /* Base */ = {isa = PBXFileReference; lastKnownFileType = file.storyboard; name = Base; path = Base.lproj/LaunchScreen.storyboard; sourceTree = "<group>"; };
		D5B7B0EB20C64C380034778E /* Info.plist */ = {isa = PBXFileReference; lastKnownFileType = text.plist.xml; path = Info.plist; sourceTree = "<group>"; };
		D5B7B0F020C64C380034778E /* paneltestTests.xctest */ = {isa = PBXFileReference; explicitFileType = wrapper.cfbundle; includeInIndex = 0; path = paneltestTests.xctest; sourceTree = BUILT_PRODUCTS_DIR; };
		D5B7B0F420C64C380034778E /* paneltestTests.swift */ = {isa = PBXFileReference; lastKnownFileType = sourcecode.swift; path = paneltestTests.swift; sourceTree = "<group>"; };
		D5B7B0F620C64C380034778E /* Info.plist */ = {isa = PBXFileReference; lastKnownFileType = text.plist.xml; path = Info.plist; sourceTree = "<group>"; };
		D5B7B0FB20C64C380034778E /* paneltestUITests.xctest */ = {isa = PBXFileReference; explicitFileType = wrapper.cfbundle; includeInIndex = 0; path = paneltestUITests.xctest; sourceTree = BUILT_PRODUCTS_DIR; };
		D5B7B0FF20C64C380034778E /* paneltestUITests.swift */ = {isa = PBXFileReference; lastKnownFileType = sourcecode.swift; path = paneltestUITests.swift; sourceTree = "<group>"; };
		D5B7B10120C64C380034778E /* Info.plist */ = {isa = PBXFileReference; lastKnownFileType = text.plist.xml; path = Info.plist; sourceTree = "<group>"; };
/* End PBXFileReference section */

/* Begin PBXFrameworksBuildPhase section */
		D5B7B0D920C64C360034778E /* Frameworks */ = {
			isa = PBXFrameworksBuildPhase;
			buildActionMask = 2147483647;
			files = (
			);
			runOnlyForDeploymentPostprocessing = 0;
		};
		D5B7B0ED20C64C380034778E /* Frameworks */ = {
			isa = PBXFrameworksBuildPhase;
			buildActionMask = 2147483647;
			files = (
			);
			runOnlyForDeploymentPostprocessing = 0;
		};
		D5B7B0F820C64C380034778E /* Frameworks */ = {
			isa = PBXFrameworksBuildPhase;
			buildActionMask = 2147483647;
			files = (
			);
			runOnlyForDeploymentPostprocessing = 0;
		};
/* End PBXFrameworksBuildPhase section */

/* Begin PBXGroup section */
		D5B7B0D320C64C360034778E = {
			isa = PBXGroup;
			children = (
				D5B7B0DE20C64C360034778E /* paneltest */,
				D5B7B0F320C64C380034778E /* paneltestTests */,
				D5B7B0FE20C64C380034778E /* paneltestUITests */,
				D5B7B0DD20C64C360034778E /* Products */,
			);
			sourceTree = "<group>";
		};
		D5B7B0DD20C64C360034778E /* Products */ = {
			isa = PBXGroup;
			children = (
				D5B7B0DC20C64C360034778E /* paneltest.app */,
				D5B7B0F020C64C380034778E /* paneltestTests.xctest */,
				D5B7B0FB20C64C380034778E /* paneltestUITests.xctest */,
			);
			name = Products;
			sourceTree = "<group>";
		};
		D5B7B0DE20C64C360034778E /* paneltest */ = {
			isa = PBXGroup;
			children = (
				D5B7B0DF20C64C360034778E /* AppDelegate.swift */,
				D5B7B0E120C64C360034778E /* ViewController.swift */,
				D5B7B0E320C64C360034778E /* Main.storyboard */,
				D5B7B0E620C64C380034778E /* Assets.xcassets */,
				D5B7B0E820C64C380034778E /* LaunchScreen.storyboard */,
				D5B7B0EB20C64C380034778E /* Info.plist */,
			);
			path = paneltest;
			sourceTree = "<group>";
		};
		D5B7B0F320C64C380034778E /* paneltestTests */ = {
			isa = PBXGroup;
			children = (
				D5B7B0F420C64C380034778E /* paneltestTests.swift */,
				D5B7B0F620C64C380034778E /* Info.plist */,
			);
			path = paneltestTests;
			sourceTree = "<group>";
		};
		D5B7B0FE20C64C380034778E /* paneltestUITests */ = {
			isa = PBXGroup;
			children = (
				D5B7B0FF20C64C380034778E /* paneltestUITests.swift */,
				D5B7B10120C64C380034778E /* Info.plist */,
			);
			path = paneltestUITests;
			sourceTree = "<group>";
		};
/* End PBXGroup section */

/* Begin PBXNativeTarget section */
		D5B7B0DB20C64C360034778E /* paneltest */ = {
			isa = PBXNativeTarget;
			buildConfigurationList = D5B7B10420C64C380034778E /* Build configuration list for PBXNativeTarget "paneltest" */;
			buildPhases = (
				D5B7B0D820C64C360034778E /* Sources */,
				D5B7B0D920C64C360034778E /* Frameworks */,
				D5B7B0DA20C64C360034778E /* Resources */,
			);
			buildRules = (
			);
			dependencies = (
			);
			name = paneltest;
			productName = paneltest;
			productReference = D5B7B0DC20C64C360034778E /* paneltest.app */;
			productType = "com.apple.product-type.application";
		};
		D5B7B0EF20C64C380034778E /* paneltestTests */ = {
			isa = PBXNativeTarget;
			buildConfigurationList = D5B7B10720C64C380034778E /* Build configuration list for PBXNativeTarget "paneltestTests" */;
			buildPhases = (
				D5B7B0EC20C64C380034778E /* Sources */,
				D5B7B0ED20C64C380034778E /* Frameworks */,
				D5B7B0EE20C64C380034778E /* Resources */,
			);
			buildRules = (
			);
			dependencies = (
				D5B7B0F220C64C380034778E /* PBXTargetDependency */,
			);
			name = paneltestTests;
			productName = paneltestTests;
			productReference = D5B7B0F020C64C380034778E /* paneltestTests.xctest */;
			productType = "com.apple.product-type.bundle.unit-test";
		};
		D5B7B0FA20C64C380034778E /* paneltestUITests */ = {
			isa = PBXNativeTarget;
			buildConfigurationList = D5B7B10A20C64C380034778E /* Build configuration list for PBXNativeTarget "paneltestUITests" */;
			buildPhases = (
				D5B7B0F720C64C380034778E /* Sources */,
				D5B7B0F820C64C380034778E /* Frameworks */,
				D5B7B0F920C64C380034778E /* Resources */,
			);
			buildRules = (
			);
			dependencies = (
				D5B7B0FD20C64C380034778E /* PBXTargetDependency */,
			);
			name = paneltestUITests;
			productName = paneltestUITests;
			productReference = D5B7B0FB20C64C380034778E /* paneltestUITests.xctest */;
			productType = "com.apple.product-type.bundle.ui-testing";
		};
/* End PBXNativeTarget section */

/* Begin PBXProject section */
		D5B7B0D420C64C360034778E /* Project object */ = {
			isa = PBXProject;
			attributes = {
				LastSwiftUpdateCheck = 0930;
				LastUpgradeCheck = 0930;
				ORGANIZATIONNAME = yodaaa;
				TargetAttributes = {
					D5B7B0DB20C64C360034778E = {
						CreatedOnToolsVersion = 9.3.1;
					};
					D5B7B0EF20C64C380034778E = {
						CreatedOnToolsVersion = 9.3.1;
						TestTargetID = D5B7B0DB20C64C360034778E;
					};
					D5B7B0FA20C64C380034778E = {
						CreatedOnToolsVersion = 9.3.1;
						TestTargetID = D5B7B0DB20C64C360034778E;
					};
				};
			};
			buildConfigurationList = D5B7B0D720C64C360034778E /* Build configuration list for PBXProject "paneltest" */;
			compatibilityVersion = "Xcode 9.3";
			developmentRegion = en;
			hasScannedForEncodings = 0;
			knownRegions = (
				en,
				Base,
			);
			mainGroup = D5B7B0D320C64C360034778E;
			productRefGroup = D5B7B0DD20C64C360034778E /* Products */;
			projectDirPath = "";
			projectRoot = "";
			targets = (
				D5B7B0DB20C64C360034778E /* paneltest */,
				D5B7B0EF20C64C380034778E /* paneltestTests */,
				D5B7B0FA20C64C380034778E /* paneltestUITests */,
			);
		};
/* End PBXProject section */

/* Begin PBXResourcesBuildPhase section */
		D5B7B0DA20C64C360034778E /* Resources */ = {
			isa = PBXResourcesBuildPhase;
			buildActionMask = 2147483647;
			files = (
				D5B7B0EA20C64C380034778E /* LaunchScreen.storyboard in Resources */,
				D5B7B0E720C64C380034778E /* Assets.xcassets in Resources */,
				D5B7B0E520C64C360034778E /* Main.storyboard in Resources */,
			);
			runOnlyForDeploymentPostprocessing = 0;
		};
		D5B7B0EE20C64C380034778E /* Resources */ = {
			isa = PBXResourcesBuildPhase;
			buildActionMask = 2147483647;
			files = (
			);
			runOnlyForDeploymentPostprocessing = 0;
		};
		D5B7B0F920C64C380034778E /* Resources */ = {
			isa = PBXResourcesBuildPhase;
			buildActionMask = 2147483647;
			files = (
			);
			runOnlyForDeploymentPostprocessing = 0;
		};
/* End PBXResourcesBuildPhase section */

/* Begin PBXSourcesBuildPhase section */
		D5B7B0D820C64C360034778E /* Sources */ = {
			isa = PBXSourcesBuildPhase;
			buildActionMask = 2147483647;
			files = (
				D5B7B0E220C64C360034778E /* ViewController.swift in Sources */,
				D5B7B0E020C64C360034778E /* AppDelegate.swift in Sources */,
			);
			runOnlyForDeploymentPostprocessing = 0;
		};
		D5B7B0EC20C64C380034778E /* Sources */ = {
			isa = PBXSourcesBuildPhase;
			buildActionMask = 2147483647;
			files = (
				D5B7B0F520C64C380034778E /* paneltestTests.swift in Sources */,
			);
			runOnlyForDeploymentPostprocessing = 0;
		};
		D5B7B0F720C64C380034778E /* Sources */ = {
			isa = PBXSourcesBuildPhase;
			buildActionMask = 2147483647;
			files = (
				D5B7B10020C64C380034778E /* paneltestUITests.swift in Sources */,
			);
			runOnlyForDeploymentPostprocessing = 0;
		};
/* End PBXSourcesBuildPhase section */

/* Begin PBXTargetDependency section */
		D5B7B0F220C64C380034778E /* PBXTargetDependency */ = {
			isa = PBXTargetDependency;
			target = D5B7B0DB20C64C360034778E /* paneltest */;
			targetProxy = D5B7B0F120C64C380034778E /* PBXContainerItemProxy */;
		};
		D5B7B0FD20C64C380034778E /* PBXTargetDependency */ = {
			isa = PBXTargetDependency;
			target = D5B7B0DB20C64C360034778E /* paneltest */;
			targetProxy = D5B7B0FC20C64C380034778E /* PBXContainerItemProxy */;
		};
/* End PBXTargetDependency section */

/* Begin PBXVariantGroup section */
		D5B7B0E320C64C360034778E /* Main.storyboard */ = {
			isa = PBXVariantGroup;
			children = (
				D5B7B0E420C64C360034778E /* Base */,
			);
			name = Main.storyboard;
			sourceTree = "<group>";
		};
		D5B7B0E820C64C380034778E /* LaunchScreen.storyboard */ = {
			isa = PBXVariantGroup;
			children = (
				D5B7B0E920C64C380034778E /* Base */,
			);
			name = LaunchScreen.storyboard;
			sourceTree = "<group>";
		};
/* End PBXVariantGroup section */

/* Begin XCBuildConfiguration section */
		D5B7B10220C64C380034778E /* Debug */ = {
			isa = XCBuildConfiguration;
			buildSettings = {
				ALWAYS_SEARCH_USER_PATHS = NO;
				CLANG_ANALYZER_NONNULL = YES;
				CLANG_ANALYZER_NUMBER_OBJECT_CONVERSION = YES_AGGRESSIVE;
				CLANG_CXX_LANGUAGE_STANDARD = "gnu++14";
				CLANG_CXX_LIBRARY = "libc++";
				CLANG_ENABLE_MODULES = YES;
				CLANG_ENABLE_OBJC_ARC = YES;
				CLANG_ENABLE_OBJC_WEAK = YES;
				CLANG_WARN_BLOCK_CAPTURE_AUTORELEASING = YES;
				CLANG_WARN_BOOL_CONVERSION = YES;
				CLANG_WARN_COMMA = YES;
				CLANG_WARN_CONSTANT_CONVERSION = YES;
				CLANG_WARN_DEPRECATED_OBJC_IMPLEMENTATIONS = YES;
				CLANG_WARN_DIRECT_OBJC_ISA_USAGE = YES_ERROR;
				CLANG_WARN_DOCUMENTATION_COMMENTS = YES;
				CLANG_WARN_EMPTY_BODY = YES;
				CLANG_WARN_ENUM_CONVERSION = YES;
				CLANG_WARN_INFINITE_RECURSION = YES;
				CLANG_WARN_INT_CONVERSION = YES;
				CLANG_WARN_NON_LITERAL_NULL_CONVERSION = YES;
				CLANG_WARN_OBJC_IMPLICIT_RETAIN_SELF = YES;
				CLANG_WARN_OBJC_LITERAL_CONVERSION = YES;
				CLANG_WARN_OBJC_ROOT_CLASS = YES_ERROR;
				CLANG_WARN_RANGE_LOOP_ANALYSIS = YES;
				CLANG_WARN_STRICT_PROTOTYPES = YES;
				CLANG_WARN_SUSPICIOUS_MOVE = YES;
				CLANG_WARN_UNGUARDED_AVAILABILITY = YES_AGGRESSIVE;
				CLANG_WARN_UNREACHABLE_CODE = YES;
				CLANG_WARN__DUPLICATE_METHOD_MATCH = YES;
				CODE_SIGN_IDENTITY = "iPhone Developer";
				COPY_PHASE_STRIP = NO;
				DEBUG_INFORMATION_FORMAT = dwarf;
				ENABLE_STRICT_OBJC_MSGSEND = YES;
				ENABLE_TESTABILITY = YES;
				GCC_C_LANGUAGE_STANDARD = gnu11;
				GCC_DYNAMIC_NO_PIC = NO;
				GCC_NO_COMMON_BLOCKS = YES;
				GCC_OPTIMIZATION_LEVEL = 0;
				GCC_PREPROCESSOR_DEFINITIONS = (
					"DEBUG=1",
					"$(inherited)",
				);
				GCC_WARN_64_TO_32_BIT_CONVERSION = YES;
				GCC_WARN_ABOUT_RETURN_TYPE = YES_ERROR;
				GCC_WARN_UNDECLARED_SELECTOR = YES;
				GCC_WARN_UNINITIALIZED_AUTOS = YES_AGGRESSIVE;
				GCC_WARN_UNUSED_FUNCTION = YES;
				GCC_WARN_UNUSED_VARIABLE = YES;
				IPHONEOS_DEPLOYMENT_TARGET = 11.3;
				MTL_ENABLE_DEBUG_INFO = YES;
				ONLY_ACTIVE_ARCH = YES;
				SDKROOT = iphoneos;
				SWIFT_ACTIVE_COMPILATION_CONDITIONS = DEBUG;
				SWIFT_OPTIMIZATION_LEVEL = "-Onone";
			};
			name = Debug;
		};
		D5B7B10320C64C380034778E /* Release */ = {
			isa = XCBuildConfiguration;
			buildSettings = {
				ALWAYS_SEARCH_USER_PATHS = NO;
				CLANG_ANALYZER_NONNULL = YES;
				CLANG_ANALYZER_NUMBER_OBJECT_CONVERSION = YES_AGGRESSIVE;
				CLANG_CXX_LANGUAGE_STANDARD = "gnu++14";
				CLANG_CXX_LIBRARY = "libc++";
				CLANG_ENABLE_MODULES = YES;
				CLANG_ENABLE_OBJC_ARC = YES;
				CLANG_ENABLE_OBJC_WEAK = YES;
				CLANG_WARN_BLOCK_CAPTURE_AUTORELEASING = YES;
				CLANG_WARN_BOOL_CONVERSION = YES;
				CLANG_WARN_COMMA = YES;
				CLANG_WARN_CONSTANT_CONVERSION = YES;
				CLANG_WARN_DEPRECATED_OBJC_IMPLEMENTATIONS = YES;
				CLANG_WARN_DIRECT_OBJC_ISA_USAGE = YES_ERROR;
				CLANG_WARN_DOCUMENTATION_COMMENTS = YES;
				CLANG_WARN_EMPTY_BODY = YES;
				CLANG_WARN_ENUM_CONVERSION = YES;
				CLANG_WARN_INFINITE_RECURSION = YES;
				CLANG_WARN_INT_CONVERSION = YES;
				CLANG_WARN_NON_LITERAL_NULL_CONVERSION = YES;
				CLANG_WARN_OBJC_IMPLICIT_RETAIN_SELF = YES;
				CLANG_WARN_OBJC_LITERAL_CONVERSION = YES;
				CLANG_WARN_OBJC_ROOT_CLASS = YES_ERROR;
				CLANG_WARN_RANGE_LOOP_ANALYSIS = YES;
				CLANG_WARN_STRICT_PROTOTYPES = YES;
				CLANG_WARN_SUSPICIOUS_MOVE = YES;
				CLANG_WARN_UNGUARDED_AVAILABILITY = YES_AGGRESSIVE;
				CLANG_WARN_UNREACHABLE_CODE = YES;
				CLANG_WARN__DUPLICATE_METHOD_MATCH = YES;
				CODE_SIGN_IDENTITY = "iPhone Developer";
				COPY_PHASE_STRIP = NO;
				DEBUG_INFORMATION_FORMAT = "dwarf-with-dsym";
				ENABLE_NS_ASSERTIONS = NO;
				ENABLE_STRICT_OBJC_MSGSEND = YES;
				GCC_C_LANGUAGE_STANDARD = gnu11;
				GCC_NO_COMMON_BLOCKS = YES;
				GCC_WARN_64_TO_32_BIT_CONVERSION = YES;
				GCC_WARN_ABOUT_RETURN_TYPE = YES_ERROR;
				GCC_WARN_UNDECLARED_SELECTOR = YES;
				GCC_WARN_UNINITIALIZED_AUTOS = YES_AGGRESSIVE;
				GCC_WARN_UNUSED_FUNCTION = YES;
				GCC_WARN_UNUSED_VARIABLE = YES;
				IPHONEOS_DEPLOYMENT_TARGET = 11.3;
				MTL_ENABLE_DEBUG_INFO = NO;
				SDKROOT = iphoneos;
				SWIFT_COMPILATION_MODE = wholemodule;
				SWIFT_OPTIMIZATION_LEVEL = "-O";
				VALIDATE_PRODUCT = YES;
			};
			name = Release;
		};
		D5B7B10520C64C380034778E /* Debug */ = {
			isa = XCBuildConfiguration;
			buildSettings = {
				ASSETCATALOG_COMPILER_APPICON_NAME = AppIcon;
				CODE_SIGN_STYLE = Automatic;
				DEVELOPMENT_TEAM = SKGH3PPX4X;
				INFOPLIST_FILE = paneltest/Info.plist;
				LD_RUNPATH_SEARCH_PATHS = (
					"$(inherited)",
					"@executable_path/Frameworks",
				);
				PRODUCT_BUNDLE_IDENTIFIER = com.yodaaa.paneltest;
				PRODUCT_NAME = "$(TARGET_NAME)";
				SWIFT_VERSION = 4.0;
				TARGETED_DEVICE_FAMILY = "1,2";
			};
			name = Debug;
		};
		D5B7B10620C64C380034778E /* Release */ = {
			isa = XCBuildConfiguration;
			buildSettings = {
				ASSETCATALOG_COMPILER_APPICON_NAME = AppIcon;
				CODE_SIGN_STYLE = Automatic;
				DEVELOPMENT_TEAM = SKGH3PPX4X;
				INFOPLIST_FILE = paneltest/Info.plist;
				LD_RUNPATH_SEARCH_PATHS = (
					"$(inherited)",
					"@executable_path/Frameworks",
				);
				PRODUCT_BUNDLE_IDENTIFIER = com.yodaaa.paneltest;
				PRODUCT_NAME = "$(TARGET_NAME)";
				SWIFT_VERSION = 4.0;
				TARGETED_DEVICE_FAMILY = "1,2";
			};
			name = Release;
		};
		D5B7B10820C64C380034778E /* Debug */ = {
			isa = XCBuildConfiguration;
			buildSettings = {
				ALWAYS_EMBED_SWIFT_STANDARD_LIBRARIES = YES;
				BUNDLE_LOADER = "$(TEST_HOST)";
				CODE_SIGN_STYLE = Automatic;
				DEVELOPMENT_TEAM = SKGH3PPX4X;
				INFOPLIST_FILE = paneltestTests/Info.plist;
				LD_RUNPATH_SEARCH_PATHS = (
					"$(inherited)",
					"@executable_path/Frameworks",
					"@loader_path/Frameworks",
				);
				PRODUCT_BUNDLE_IDENTIFIER = com.yodaaa.paneltestTests;
				PRODUCT_NAME = "$(TARGET_NAME)";
				SWIFT_VERSION = 4.0;
				TARGETED_DEVICE_FAMILY = "1,2";
				TEST_HOST = "$(BUILT_PRODUCTS_DIR)/paneltest.app/paneltest";
			};
			name = Debug;
		};
		D5B7B10920C64C380034778E /* Release */ = {
			isa = XCBuildConfiguration;
			buildSettings = {
				ALWAYS_EMBED_SWIFT_STANDARD_LIBRARIES = YES;
				BUNDLE_LOADER = "$(TEST_HOST)";
				CODE_SIGN_STYLE = Automatic;
				DEVELOPMENT_TEAM = SKGH3PPX4X;
				INFOPLIST_FILE = paneltestTests/Info.plist;
				LD_RUNPATH_SEARCH_PATHS = (
					"$(inherited)",
					"@executable_path/Frameworks",
					"@loader_path/Frameworks",
				);
				PRODUCT_BUNDLE_IDENTIFIER = com.yodaaa.paneltestTests;
				PRODUCT_NAME = "$(TARGET_NAME)";
				SWIFT_VERSION = 4.0;
				TARGETED_DEVICE_FAMILY = "1,2";
				TEST_HOST = "$(BUILT_PRODUCTS_DIR)/paneltest.app/paneltest";
			};
			name = Release;
		};
		D5B7B10B20C64C380034778E /* Debug */ = {
			isa = XCBuildConfiguration;
			buildSettings = {
				ALWAYS_EMBED_SWIFT_STANDARD_LIBRARIES = YES;
				CODE_SIGN_STYLE = Automatic;
				DEVELOPMENT_TEAM = SKGH3PPX4X;
				INFOPLIST_FILE = paneltestUITests/Info.plist;
				LD_RUNPATH_SEARCH_PATHS = (
					"$(inherited)",
					"@executable_path/Frameworks",
					"@loader_path/Frameworks",
				);
				PRODUCT_BUNDLE_IDENTIFIER = com.yodaaa.paneltestUITests;
				PRODUCT_NAME = "$(TARGET_NAME)";
				SWIFT_VERSION = 4.0;
				TARGETED_DEVICE_FAMILY = "1,2";
				TEST_TARGET_NAME = paneltest;
			};
			name = Debug;
		};
		D5B7B10C20C64C380034778E /* Release */ = {
			isa = XCBuildConfiguration;
			buildSettings = {
				ALWAYS_EMBED_SWIFT_STANDARD_LIBRARIES = YES;
				CODE_SIGN_STYLE = Automatic;
				DEVELOPMENT_TEAM = SKGH3PPX4X;
				INFOPLIST_FILE = paneltestUITests/Info.plist;
				LD_RUNPATH_SEARCH_PATHS = (
					"$(inherited)",
					"@executable_path/Frameworks",
					"@loader_path/Frameworks",
				);
				PRODUCT_BUNDLE_IDENTIFIER = com.yodaaa.paneltestUITests;
				PRODUCT_NAME = "$(TARGET_NAME)";
				SWIFT_VERSION = 4.0;
				TARGETED_DEVICE_FAMILY = "1,2";
				TEST_TARGET_NAME = paneltest;
			};
			name = Release;
		};
/* End XCBuildConfiguration section */

/* Begin XCConfigurationList section */
		D5B7B0D720C64C360034778E /* Build configuration list for PBXProject "paneltest" */ = {
			isa = XCConfigurationList;
			buildConfigurations = (
				D5B7B10220C64C380034778E /* Debug */,
				D5B7B10320C64C380034778E /* Release */,
			);
			defaultConfigurationIsVisible = 0;
			defaultConfigurationName = Release;
		};
		D5B7B10420C64C380034778E /* Build configuration list for PBXNativeTarget "paneltest" */ = {
			isa = XCConfigurationList;
			buildConfigurations = (
				D5B7B10520C64C380034778E /* Debug */,
				D5B7B10620C64C380034778E /* Release */,
			);
			defaultConfigurationIsVisible = 0;
			defaultConfigurationName = Release;
		};
		D5B7B10720C64C380034778E /* Build configuration list for PBXNativeTarget "paneltestTests" */ = {
			isa = XCConfigurationList;
			buildConfigurations = (
				D5B7B10820C64C380034778E /* Debug */,
				D5B7B10920C64C380034778E /* Release */,
			);
			defaultConfigurationIsVisible = 0;
			defaultConfigurationName = Release;
		};
		D5B7B10A20C64C380034778E /* Build configuration list for PBXNativeTarget "paneltestUITests" */ = {
			isa = XCConfigurationList;
			buildConfigurations = (
				D5B7B10B20C64C380034778E /* Debug */,
				D5B7B10C20C64C380034778E /* Release */,
			);
			defaultConfigurationIsVisible = 0;
			defaultConfigurationName = Release;
		};
/* End XCConfigurationList section */
	};
	rootObject = D5B7B0D420C64C360034778E /* Project object */;
}
